// !$*UTF8*$!
{
	archiveVersion = 1;
	classes = {
	};
	objectVersion = 55;
	objects = {

/* Begin PBXBuildFile section */
		E15A292F2743F4900051C863 /* AppDelegate.swift in Sources */ = {isa = PBXBuildFile; fileRef = E15A292E2743F4900051C863 /* AppDelegate.swift */; };
		E15A29312743F4900051C863 /* SceneDelegate.swift in Sources */ = {isa = PBXBuildFile; fileRef = E15A29302743F4900051C863 /* SceneDelegate.swift */; };
		E15A29332743F4900051C863 /* ViewController.swift in Sources */ = {isa = PBXBuildFile; fileRef = E15A29322743F4900051C863 /* ViewController.swift */; };
		E15A29362743F4900051C863 /* Main.storyboard in Resources */ = {isa = PBXBuildFile; fileRef = E15A29342743F4900051C863 /* Main.storyboard */; };
		E15A29382743F4910051C863 /* Assets.xcassets in Resources */ = {isa = PBXBuildFile; fileRef = E15A29372743F4910051C863 /* Assets.xcassets */; };
		E15A293B2743F4910051C863 /* LaunchScreen.storyboard in Resources */ = {isa = PBXBuildFile; fileRef = E15A29392743F4910051C863 /* LaunchScreen.storyboard */; };
		E15A29462743F4910051C863 /* TavlingTests.swift in Sources */ = {isa = PBXBuildFile; fileRef = E15A29452743F4910051C863 /* TavlingTests.swift */; };
		E15A29502743F4910051C863 /* TavlingUITests.swift in Sources */ = {isa = PBXBuildFile; fileRef = E15A294F2743F4910051C863 /* TavlingUITests.swift */; };
		E15A29522743F4910051C863 /* TavlingUITestsLaunchTests.swift in Sources */ = {isa = PBXBuildFile; fileRef = E15A29512743F4910051C863 /* TavlingUITestsLaunchTests.swift */; };
		E15A295F27446B5F0051C863 /* SecondVCViewController.swift in Sources */ = {isa = PBXBuildFile; fileRef = E15A295E27446B5F0051C863 /* SecondVCViewController.swift */; };
/* End PBXBuildFile section */

/* Begin PBXContainerItemProxy section */
		E15A29422743F4910051C863 /* PBXContainerItemProxy */ = {
			isa = PBXContainerItemProxy;
			containerPortal = E15A29232743F4900051C863 /* Project object */;
			proxyType = 1;
			remoteGlobalIDString = E15A292A2743F4900051C863;
			remoteInfo = Tavling;
		};
		E15A294C2743F4910051C863 /* PBXContainerItemProxy */ = {
			isa = PBXContainerItemProxy;
			containerPortal = E15A29232743F4900051C863 /* Project object */;
			proxyType = 1;
			remoteGlobalIDString = E15A292A2743F4900051C863;
			remoteInfo = Tavling;
		};
/* End PBXContainerItemProxy section */

/* Begin PBXFileReference section */
		E15A292B2743F4900051C863 /* Tavling.app */ = {isa = PBXFileReference; explicitFileType = wrapper.application; includeInIndex = 0; path = Tavling.app; sourceTree = BUILT_PRODUCTS_DIR; };
		E15A292E2743F4900051C863 /* AppDelegate.swift */ = {isa = PBXFileReference; lastKnownFileType = sourcecode.swift; path = AppDelegate.swift; sourceTree = "<group>"; };
		E15A29302743F4900051C863 /* SceneDelegate.swift */ = {isa = PBXFileReference; lastKnownFileType = sourcecode.swift; path = SceneDelegate.swift; sourceTree = "<group>"; };
		E15A29322743F4900051C863 /* ViewController.swift */ = {isa = PBXFileReference; lastKnownFileType = sourcecode.swift; path = ViewController.swift; sourceTree = "<group>"; };
		E15A29352743F4900051C863 /* Base */ = {isa = PBXFileReference; lastKnownFileType = file.storyboard; name = Base; path = Base.lproj/Main.storyboard; sourceTree = "<group>"; };
		E15A29372743F4910051C863 /* Assets.xcassets */ = {isa = PBXFileReference; lastKnownFileType = folder.assetcatalog; path = Assets.xcassets; sourceTree = "<group>"; };
		E15A293A2743F4910051C863 /* Base */ = {isa = PBXFileReference; lastKnownFileType = file.storyboard; name = Base; path = Base.lproj/LaunchScreen.storyboard; sourceTree = "<group>"; };
		E15A293C2743F4910051C863 /* Info.plist */ = {isa = PBXFileReference; lastKnownFileType = text.plist.xml; path = Info.plist; sourceTree = "<group>"; };
		E15A29412743F4910051C863 /* TavlingTests.xctest */ = {isa = PBXFileReference; explicitFileType = wrapper.cfbundle; includeInIndex = 0; path = TavlingTests.xctest; sourceTree = BUILT_PRODUCTS_DIR; };
		E15A29452743F4910051C863 /* TavlingTests.swift */ = {isa = PBXFileReference; lastKnownFileType = sourcecode.swift; path = TavlingTests.swift; sourceTree = "<group>"; };
		E15A294B2743F4910051C863 /* TavlingUITests.xctest */ = {isa = PBXFileReference; explicitFileType = wrapper.cfbundle; includeInIndex = 0; path = TavlingUITests.xctest; sourceTree = BUILT_PRODUCTS_DIR; };
		E15A294F2743F4910051C863 /* TavlingUITests.swift */ = {isa = PBXFileReference; lastKnownFileType = sourcecode.swift; path = TavlingUITests.swift; sourceTree = "<group>"; };
		E15A29512743F4910051C863 /* TavlingUITestsLaunchTests.swift */ = {isa = PBXFileReference; lastKnownFileType = sourcecode.swift; path = TavlingUITestsLaunchTests.swift; sourceTree = "<group>"; };
		E15A295E27446B5F0051C863 /* SecondVCViewController.swift */ = {isa = PBXFileReference; lastKnownFileType = sourcecode.swift; path = SecondVCViewController.swift; sourceTree = "<group>"; };
/* End PBXFileReference section */

/* Begin PBXFrameworksBuildPhase section */
		E15A29282743F4900051C863 /* Frameworks */ = {
			isa = PBXFrameworksBuildPhase;
			buildActionMask = 2147483647;
			files = (
			);
			runOnlyForDeploymentPostprocessing = 0;
		};
		E15A293E2743F4910051C863 /* Frameworks */ = {
			isa = PBXFrameworksBuildPhase;
			buildActionMask = 2147483647;
			files = (
			);
			runOnlyForDeploymentPostprocessing = 0;
		};
		E15A29482743F4910051C863 /* Frameworks */ = {
			isa = PBXFrameworksBuildPhase;
			buildActionMask = 2147483647;
			files = (
			);
			runOnlyForDeploymentPostprocessing = 0;
		};
/* End PBXFrameworksBuildPhase section */

/* Begin PBXGroup section */
		E15A29222743F4900051C863 = {
			isa = PBXGroup;
			children = (
				E15A292D2743F4900051C863 /* Tavling */,
				E15A29442743F4910051C863 /* TavlingTests */,
				E15A294E2743F4910051C863 /* TavlingUITests */,
				E15A292C2743F4900051C863 /* Products */,
			);
			sourceTree = "<group>";
		};
		E15A292C2743F4900051C863 /* Products */ = {
			isa = PBXGroup;
			children = (
				E15A292B2743F4900051C863 /* Tavling.app */,
				E15A29412743F4910051C863 /* TavlingTests.xctest */,
				E15A294B2743F4910051C863 /* TavlingUITests.xctest */,
			);
			name = Products;
			sourceTree = "<group>";
		};
		E15A292D2743F4900051C863 /* Tavling */ = {
			isa = PBXGroup;
			children = (
				E15A292E2743F4900051C863 /* AppDelegate.swift */,
				E15A29302743F4900051C863 /* SceneDelegate.swift */,
				E15A29322743F4900051C863 /* ViewController.swift */,
				E15A29342743F4900051C863 /* Main.storyboard */,
				E15A29372743F4910051C863 /* Assets.xcassets */,
				E15A29392743F4910051C863 /* LaunchScreen.storyboard */,
				E15A293C2743F4910051C863 /* Info.plist */,
				E15A295E27446B5F0051C863 /* SecondVCViewController.swift */,
			);
			path = Tavling;
			sourceTree = "<group>";
		};
		E15A29442743F4910051C863 /* TavlingTests */ = {
			isa = PBXGroup;
			children = (
				E15A29452743F4910051C863 /* TavlingTests.swift */,
			);
			path = TavlingTests;
			sourceTree = "<group>";
		};
		E15A294E2743F4910051C863 /* TavlingUITests */ = {
			isa = PBXGroup;
			children = (
				E15A294F2743F4910051C863 /* TavlingUITests.swift */,
				E15A29512743F4910051C863 /* TavlingUITestsLaunchTests.swift */,
			);
			path = TavlingUITests;
			sourceTree = "<group>";
		};
/* End PBXGroup section */

/* Begin PBXNativeTarget section */
		E15A292A2743F4900051C863 /* Tavling */ = {
			isa = PBXNativeTarget;
			buildConfigurationList = E15A29552743F4910051C863 /* Build configuration list for PBXNativeTarget "Tavling" */;
			buildPhases = (
				E15A29272743F4900051C863 /* Sources */,
				E15A29282743F4900051C863 /* Frameworks */,
				E15A29292743F4900051C863 /* Resources */,
			);
			buildRules = (
			);
			dependencies = (
			);
			name = Tavling;
			productName = Tavling;
			productReference = E15A292B2743F4900051C863 /* Tavling.app */;
			productType = "com.apple.product-type.application";
		};
		E15A29402743F4910051C863 /* TavlingTests */ = {
			isa = PBXNativeTarget;
			buildConfigurationList = E15A29582743F4910051C863 /* Build configuration list for PBXNativeTarget "TavlingTests" */;
			buildPhases = (
				E15A293D2743F4910051C863 /* Sources */,
				E15A293E2743F4910051C863 /* Frameworks */,
				E15A293F2743F4910051C863 /* Resources */,
			);
			buildRules = (
			);
			dependencies = (
				E15A29432743F4910051C863 /* PBXTargetDependency */,
			);
			name = TavlingTests;
			productName = TavlingTests;
			productReference = E15A29412743F4910051C863 /* TavlingTests.xctest */;
			productType = "com.apple.product-type.bundle.unit-test";
		};
		E15A294A2743F4910051C863 /* TavlingUITests */ = {
			isa = PBXNativeTarget;
			buildConfigurationList = E15A295B2743F4910051C863 /* Build configuration list for PBXNativeTarget "TavlingUITests" */;
			buildPhases = (
				E15A29472743F4910051C863 /* Sources */,
				E15A29482743F4910051C863 /* Frameworks */,
				E15A29492743F4910051C863 /* Resources */,
			);
			buildRules = (
			);
			dependencies = (
				E15A294D2743F4910051C863 /* PBXTargetDependency */,
			);
			name = TavlingUITests;
			productName = TavlingUITests;
			productReference = E15A294B2743F4910051C863 /* TavlingUITests.xctest */;
			productType = "com.apple.product-type.bundle.ui-testing";
		};
/* End PBXNativeTarget section */

/* Begin PBXProject section */
		E15A29232743F4900051C863 /* Project object */ = {
			isa = PBXProject;
			attributes = {
				BuildIndependentTargetsInParallel = 1;
				LastSwiftUpdateCheck = 1310;
				LastUpgradeCheck = 1310;
				TargetAttributes = {
					E15A292A2743F4900051C863 = {
						CreatedOnToolsVersion = 13.1;
					};
					E15A29402743F4910051C863 = {
						CreatedOnToolsVersion = 13.1;
						TestTargetID = E15A292A2743F4900051C863;
					};
					E15A294A2743F4910051C863 = {
						CreatedOnToolsVersion = 13.1;
						TestTargetID = E15A292A2743F4900051C863;
					};
				};
			};
			buildConfigurationList = E15A29262743F4900051C863 /* Build configuration list for PBXProject "Tavling" */;
			compatibilityVersion = "Xcode 13.0";
			developmentRegion = en;
			hasScannedForEncodings = 0;
			knownRegions = (
				en,
				Base,
			);
			mainGroup = E15A29222743F4900051C863;
			productRefGroup = E15A292C2743F4900051C863 /* Products */;
			projectDirPath = "";
			projectRoot = "";
			targets = (
				E15A292A2743F4900051C863 /* Tavling */,
				E15A29402743F4910051C863 /* TavlingTests */,
				E15A294A2743F4910051C863 /* TavlingUITests */,
			);
		};
/* End PBXProject section */

/* Begin PBXResourcesBuildPhase section */
		E15A29292743F4900051C863 /* Resources */ = {
			isa = PBXResourcesBuildPhase;
			buildActionMask = 2147483647;
			files = (
				E15A293B2743F4910051C863 /* LaunchScreen.storyboard in Resources */,
				E15A29382743F4910051C863 /* Assets.xcassets in Resources */,
				E15A29362743F4900051C863 /* Main.storyboard in Resources */,
			);
			runOnlyForDeploymentPostprocessing = 0;
		};
		E15A293F2743F4910051C863 /* Resources */ = {
			isa = PBXResourcesBuildPhase;
			buildActionMask = 2147483647;
			files = (
			);
			runOnlyForDeploymentPostprocessing = 0;
		};
		E15A29492743F4910051C863 /* Resources */ = {
			isa = PBXResourcesBuildPhase;
			buildActionMask = 2147483647;
			files = (
			);
			runOnlyForDeploymentPostprocessing = 0;
		};
/* End PBXResourcesBuildPhase section */

/* Begin PBXSourcesBuildPhase section */
		E15A29272743F4900051C863 /* Sources */ = {
			isa = PBXSourcesBuildPhase;
			buildActionMask = 2147483647;
			files = (
				E15A29332743F4900051C863 /* ViewController.swift in Sources */,
				E15A292F2743F4900051C863 /* AppDelegate.swift in Sources */,
				E15A29312743F4900051C863 /* SceneDelegate.swift in Sources */,
				E15A295F27446B5F0051C863 /* SecondVCViewController.swift in Sources */,
			);
			runOnlyForDeploymentPostprocessing = 0;
		};
		E15A293D2743F4910051C863 /* Sources */ = {
			isa = PBXSourcesBuildPhase;
			buildActionMask = 2147483647;
			files = (
				E15A29462743F4910051C863 /* TavlingTests.swift in Sources */,
			);
			runOnlyForDeploymentPostprocessing = 0;
		};
		E15A29472743F4910051C863 /* Sources */ = {
			isa = PBXSourcesBuildPhase;
			buildActionMask = 2147483647;
			files = (
				E15A29522743F4910051C863 /* TavlingUITestsLaunchTests.swift in Sources */,
				E15A29502743F4910051C863 /* TavlingUITests.swift in Sources */,
			);
			runOnlyForDeploymentPostprocessing = 0;
		};
/* End PBXSourcesBuildPhase section */

/* Begin PBXTargetDependency section */
		E15A29432743F4910051C863 /* PBXTargetDependency */ = {
			isa = PBXTargetDependency;
			target = E15A292A2743F4900051C863 /* Tavling */;
			targetProxy = E15A29422743F4910051C863 /* PBXContainerItemProxy */;
		};
		E15A294D2743F4910051C863 /* PBXTargetDependency */ = {
			isa = PBXTargetDependency;
			target = E15A292A2743F4900051C863 /* Tavling */;
			targetProxy = E15A294C2743F4910051C863 /* PBXContainerItemProxy */;
		};
/* End PBXTargetDependency section */

/* Begin PBXVariantGroup section */
		E15A29342743F4900051C863 /* Main.storyboard */ = {
			isa = PBXVariantGroup;
			children = (
				E15A29352743F4900051C863 /* Base */,
			);
			name = Main.storyboard;
			sourceTree = "<group>";
		};
		E15A29392743F4910051C863 /* LaunchScreen.storyboard */ = {
			isa = PBXVariantGroup;
			children = (
				E15A293A2743F4910051C863 /* Base */,
			);
			name = LaunchScreen.storyboard;
			sourceTree = "<group>";
		};
/* End PBXVariantGroup section */

/* Begin XCBuildConfiguration section */
		E15A29532743F4910051C863 /* Debug */ = {
			isa = XCBuildConfiguration;
			buildSettings = {
				ALWAYS_SEARCH_USER_PATHS = NO;
				CLANG_ANALYZER_NONNULL = YES;
				CLANG_ANALYZER_NUMBER_OBJECT_CONVERSION = YES_AGGRESSIVE;
				CLANG_CXX_LANGUAGE_STANDARD = "gnu++17";
				CLANG_CXX_LIBRARY = "libc++";
				CLANG_ENABLE_MODULES = YES;
				CLANG_ENABLE_OBJC_ARC = YES;
				CLANG_ENABLE_OBJC_WEAK = YES;
				CLANG_WARN_BLOCK_CAPTURE_AUTORELEASING = YES;
				CLANG_WARN_BOOL_CONVERSION = YES;
				CLANG_WARN_COMMA = YES;
				CLANG_WARN_CONSTANT_CONVERSION = YES;
				CLANG_WARN_DEPRECATED_OBJC_IMPLEMENTATIONS = YES;
				CLANG_WARN_DIRECT_OBJC_ISA_USAGE = YES_ERROR;
				CLANG_WARN_DOCUMENTATION_COMMENTS = YES;
				CLANG_WARN_EMPTY_BODY = YES;
				CLANG_WARN_ENUM_CONVERSION = YES;
				CLANG_WARN_INFINITE_RECURSION = YES;
				CLANG_WARN_INT_CONVERSION = YES;
				CLANG_WARN_NON_LITERAL_NULL_CONVERSION = YES;
				CLANG_WARN_OBJC_IMPLICIT_RETAIN_SELF = YES;
				CLANG_WARN_OBJC_LITERAL_CONVERSION = YES;
				CLANG_WARN_OBJC_ROOT_CLASS = YES_ERROR;
				CLANG_WARN_QUOTED_INCLUDE_IN_FRAMEWORK_HEADER = YES;
				CLANG_WARN_RANGE_LOOP_ANALYSIS = YES;
				CLANG_WARN_STRICT_PROTOTYPES = YES;
				CLANG_WARN_SUSPICIOUS_MOVE = YES;
				CLANG_WARN_UNGUARDED_AVAILABILITY = YES_AGGRESSIVE;
				CLANG_WARN_UNREACHABLE_CODE = YES;
				CLANG_WARN__DUPLICATE_METHOD_MATCH = YES;
				COPY_PHASE_STRIP = NO;
				DEBUG_INFORMATION_FORMAT = dwarf;
				ENABLE_STRICT_OBJC_MSGSEND = YES;
				ENABLE_TESTABILITY = YES;
				GCC_C_LANGUAGE_STANDARD = gnu11;
				GCC_DYNAMIC_NO_PIC = NO;
				GCC_NO_COMMON_BLOCKS = YES;
				GCC_OPTIMIZATION_LEVEL = 0;
				GCC_PREPROCESSOR_DEFINITIONS = (
					"DEBUG=1",
					"$(inherited)",
				);
				GCC_WARN_64_TO_32_BIT_CONVERSION = YES;
				GCC_WARN_ABOUT_RETURN_TYPE = YES_ERROR;
				GCC_WARN_UNDECLARED_SELECTOR = YES;
				GCC_WARN_UNINITIALIZED_AUTOS = YES_AGGRESSIVE;
				GCC_WARN_UNUSED_FUNCTION = YES;
				GCC_WARN_UNUSED_VARIABLE = YES;
				IPHONEOS_DEPLOYMENT_TARGET = 15.0;
				MTL_ENABLE_DEBUG_INFO = INCLUDE_SOURCE;
				MTL_FAST_MATH = YES;
				ONLY_ACTIVE_ARCH = YES;
				SDKROOT = iphoneos;
				SWIFT_ACTIVE_COMPILATION_CONDITIONS = DEBUG;
				SWIFT_OPTIMIZATION_LEVEL = "-Onone";
			};
			name = Debug;
		};
		E15A29542743F4910051C863 /* Release */ = {
			isa = XCBuildConfiguration;
			buildSettings = {
				ALWAYS_SEARCH_USER_PATHS = NO;
				CLANG_ANALYZER_NONNULL = YES;
				CLANG_ANALYZER_NUMBER_OBJECT_CONVERSION = YES_AGGRESSIVE;
				CLANG_CXX_LANGUAGE_STANDARD = "gnu++17";
				CLANG_CXX_LIBRARY = "libc++";
				CLANG_ENABLE_MODULES = YES;
				CLANG_ENABLE_OBJC_ARC = YES;
				CLANG_ENABLE_OBJC_WEAK = YES;
				CLANG_WARN_BLOCK_CAPTURE_AUTORELEASING = YES;
				CLANG_WARN_BOOL_CONVERSION = YES;
				CLANG_WARN_COMMA = YES;
				CLANG_WARN_CONSTANT_CONVERSION = YES;
				CLANG_WARN_DEPRECATED_OBJC_IMPLEMENTATIONS = YES;
				CLANG_WARN_DIRECT_OBJC_ISA_USAGE = YES_ERROR;
				CLANG_WARN_DOCUMENTATION_COMMENTS = YES;
				CLANG_WARN_EMPTY_BODY = YES;
				CLANG_WARN_ENUM_CONVERSION = YES;
				CLANG_WARN_INFINITE_RECURSION = YES;
				CLANG_WARN_INT_CONVERSION = YES;
				CLANG_WARN_NON_LITERAL_NULL_CONVERSION = YES;
				CLANG_WARN_OBJC_IMPLICIT_RETAIN_SELF = YES;
				CLANG_WARN_OBJC_LITERAL_CONVERSION = YES;
				CLANG_WARN_OBJC_ROOT_CLASS = YES_ERROR;
				CLANG_WARN_QUOTED_INCLUDE_IN_FRAMEWORK_HEADER = YES;
				CLANG_WARN_RANGE_LOOP_ANALYSIS = YES;
				CLANG_WARN_STRICT_PROTOTYPES = YES;
				CLANG_WARN_SUSPICIOUS_MOVE = YES;
				CLANG_WARN_UNGUARDED_AVAILABILITY = YES_AGGRESSIVE;
				CLANG_WARN_UNREACHABLE_CODE = YES;
				CLANG_WARN__DUPLICATE_METHOD_MATCH = YES;
				COPY_PHASE_STRIP = NO;
				DEBUG_INFORMATION_FORMAT = "dwarf-with-dsym";
				ENABLE_NS_ASSERTIONS = NO;
				ENABLE_STRICT_OBJC_MSGSEND = YES;
				GCC_C_LANGUAGE_STANDARD = gnu11;
				GCC_NO_COMMON_BLOCKS = YES;
				GCC_WARN_64_TO_32_BIT_CONVERSION = YES;
				GCC_WARN_ABOUT_RETURN_TYPE = YES_ERROR;
				GCC_WARN_UNDECLARED_SELECTOR = YES;
				GCC_WARN_UNINITIALIZED_AUTOS = YES_AGGRESSIVE;
				GCC_WARN_UNUSED_FUNCTION = YES;
				GCC_WARN_UNUSED_VARIABLE = YES;
				IPHONEOS_DEPLOYMENT_TARGET = 15.0;
				MTL_ENABLE_DEBUG_INFO = NO;
				MTL_FAST_MATH = YES;
				SDKROOT = iphoneos;
				SWIFT_COMPILATION_MODE = wholemodule;
				SWIFT_OPTIMIZATION_LEVEL = "-O";
				VALIDATE_PRODUCT = YES;
			};
			name = Release;
		};
		E15A29562743F4910051C863 /* Debug */ = {
			isa = XCBuildConfiguration;
			buildSettings = {
				ASSETCATALOG_COMPILER_APPICON_NAME = AppIcon;
				ASSETCATALOG_COMPILER_GLOBAL_ACCENT_COLOR_NAME = AccentColor;
				CODE_SIGN_STYLE = Automatic;
				CURRENT_PROJECT_VERSION = 1;
				DEVELOPMENT_TEAM = 837WHX2UV7;
				GENERATE_INFOPLIST_FILE = YES;
				INFOPLIST_FILE = Tavling/Info.plist;
				INFOPLIST_KEY_UIApplicationSupportsIndirectInputEvents = YES;
				INFOPLIST_KEY_UILaunchStoryboardName = LaunchScreen;
				INFOPLIST_KEY_UIMainStoryboardFile = Main;
				INFOPLIST_KEY_UISupportedInterfaceOrientations_iPad = "UIInterfaceOrientationPortrait UIInterfaceOrientationPortraitUpsideDown UIInterfaceOrientationLandscapeLeft UIInterfaceOrientationLandscapeRight";
				INFOPLIST_KEY_UISupportedInterfaceOrientations_iPhone = "UIInterfaceOrientationPortrait UIInterfaceOrientationLandscapeLeft UIInterfaceOrientationLandscapeRight";
				LD_RUNPATH_SEARCH_PATHS = (
					"$(inherited)",
					"@executable_path/Frameworks",
				);
				MARKETING_VERSION = 1.0;
				PRODUCT_BUNDLE_IDENTIFIER = elcompsoft.Tavling;
				PRODUCT_NAME = "$(TARGET_NAME)";
				SWIFT_EMIT_LOC_STRINGS = YES;
				SWIFT_VERSION = 5.0;
				TARGETED_DEVICE_FAMILY = "1,2";
			};
			name = Debug;
		};
		E15A29572743F4910051C863 /* Release */ = {
			isa = XCBuildConfiguration;
			buildSettings = {
				ASSETCATALOG_COMPILER_APPICON_NAME = AppIcon;
				ASSETCATALOG_COMPILER_GLOBAL_ACCENT_COLOR_NAME = AccentColor;
				CODE_SIGN_STYLE = Automatic;
				CURRENT_PROJECT_VERSION = 1;
				DEVELOPMENT_TEAM = 837WHX2UV7;
				GENERATE_INFOPLIST_FILE = YES;
				INFOPLIST_FILE = Tavling/Info.plist;
				INFOPLIST_KEY_UIApplicationSupportsIndirectInputEvents = YES;
				INFOPLIST_KEY_UILaunchStoryboardName = LaunchScreen;
				INFOPLIST_KEY_UIMainStoryboardFile = Main;
				INFOPLIST_KEY_UISupportedInterfaceOrientations_iPad = "UIInterfaceOrientationPortrait UIInterfaceOrientationPortraitUpsideDown UIInterfaceOrientationLandscapeLeft UIInterfaceOrientationLandscapeRight";
				INFOPLIST_KEY_UISupportedInterfaceOrientations_iPhone = "UIInterfaceOrientationPortrait UIInterfaceOrientationLandscapeLeft UIInterfaceOrientationLandscapeRight";
				LD_RUNPATH_SEARCH_PATHS = (
					"$(inherited)",
					"@executable_path/Frameworks",
				);
				MARKETING_VERSION = 1.0;
				PRODUCT_BUNDLE_IDENTIFIER = elcompsoft.Tavling;
				PRODUCT_NAME = "$(TARGET_NAME)";
				SWIFT_EMIT_LOC_STRINGS = YES;
				SWIFT_VERSION = 5.0;
				TARGETED_DEVICE_FAMILY = "1,2";
			};
			name = Release;
		};
		E15A29592743F4910051C863 /* Debug */ = {
			isa = XCBuildConfiguration;
			buildSettings = {
				ALWAYS_EMBED_SWIFT_STANDARD_LIBRARIES = YES;
				BUNDLE_LOADER = "$(TEST_HOST)";
				CODE_SIGN_STYLE = Automatic;
				CURRENT_PROJECT_VERSION = 1;
				DEVELOPMENT_TEAM = 837WHX2UV7;
				GENERATE_INFOPLIST_FILE = YES;
				IPHONEOS_DEPLOYMENT_TARGET = 15.0;
				LD_RUNPATH_SEARCH_PATHS = (
					"$(inherited)",
					"@executable_path/Frameworks",
					"@loader_path/Frameworks",
				);
				MARKETING_VERSION = 1.0;
				PRODUCT_BUNDLE_IDENTIFIER = elcompsoft.TavlingTests;
				PRODUCT_NAME = "$(TARGET_NAME)";
				SWIFT_EMIT_LOC_STRINGS = NO;
				SWIFT_VERSION = 5.0;
				TARGETED_DEVICE_FAMILY = "1,2";
				TEST_HOST = "$(BUILT_PRODUCTS_DIR)/Tavling.app/Tavling";
			};
			name = Debug;
		};
		E15A295A2743F4910051C863 /* Release */ = {
			isa = XCBuildConfiguration;
			buildSettings = {
				ALWAYS_EMBED_SWIFT_STANDARD_LIBRARIES = YES;
				BUNDLE_LOADER = "$(TEST_HOST)";
				CODE_SIGN_STYLE = Automatic;
				CURRENT_PROJECT_VERSION = 1;
				DEVELOPMENT_TEAM = 837WHX2UV7;
				GENERATE_INFOPLIST_FILE = YES;
				IPHONEOS_DEPLOYMENT_TARGET = 15.0;
				LD_RUNPATH_SEARCH_PATHS = (
					"$(inherited)",
					"@executable_path/Frameworks",
					"@loader_path/Frameworks",
				);
				MARKETING_VERSION = 1.0;
				PRODUCT_BUNDLE_IDENTIFIER = elcompsoft.TavlingTests;
				PRODUCT_NAME = "$(TARGET_NAME)";
				SWIFT_EMIT_LOC_STRINGS = NO;
				SWIFT_VERSION = 5.0;
				TARGETED_DEVICE_FAMILY = "1,2";
				TEST_HOST = "$(BUILT_PRODUCTS_DIR)/Tavling.app/Tavling";
			};
			name = Release;
		};
		E15A295C2743F4910051C863 /* Debug */ = {
			isa = XCBuildConfiguration;
			buildSettings = {
				ALWAYS_EMBED_SWIFT_STANDARD_LIBRARIES = YES;
				CODE_SIGN_STYLE = Automatic;
				CURRENT_PROJECT_VERSION = 1;
				DEVELOPMENT_TEAM = 837WHX2UV7;
				GENERATE_INFOPLIST_FILE = YES;
				LD_RUNPATH_SEARCH_PATHS = (
					"$(inherited)",
					"@executable_path/Frameworks",
					"@loader_path/Frameworks",
				);
				MARKETING_VERSION = 1.0;
				PRODUCT_BUNDLE_IDENTIFIER = elcompsoft.TavlingUITests;
				PRODUCT_NAME = "$(TARGET_NAME)";
				SWIFT_EMIT_LOC_STRINGS = NO;
				SWIFT_VERSION = 5.0;
				TARGETED_DEVICE_FAMILY = "1,2";
				TEST_TARGET_NAME = Tavling;
			};
			name = Debug;
		};
		E15A295D2743F4910051C863 /* Release */ = {
			isa = XCBuildConfiguration;
			buildSettings = {
				ALWAYS_EMBED_SWIFT_STANDARD_LIBRARIES = YES;
				CODE_SIGN_STYLE = Automatic;
				CURRENT_PROJECT_VERSION = 1;
				DEVELOPMENT_TEAM = 837WHX2UV7;
				GENERATE_INFOPLIST_FILE = YES;
				LD_RUNPATH_SEARCH_PATHS = (
					"$(inherited)",
					"@executable_path/Frameworks",
					"@loader_path/Frameworks",
				);
				MARKETING_VERSION = 1.0;
				PRODUCT_BUNDLE_IDENTIFIER = elcompsoft.TavlingUITests;
				PRODUCT_NAME = "$(TARGET_NAME)";
				SWIFT_EMIT_LOC_STRINGS = NO;
				SWIFT_VERSION = 5.0;
				TARGETED_DEVICE_FAMILY = "1,2";
				TEST_TARGET_NAME = Tavling;
			};
			name = Release;
		};
/* End XCBuildConfiguration section */

/* Begin XCConfigurationList section */
		E15A29262743F4900051C863 /* Build configuration list for PBXProject "Tavling" */ = {
			isa = XCConfigurationList;
			buildConfigurations = (
				E15A29532743F4910051C863 /* Debug */,
				E15A29542743F4910051C863 /* Release */,
			);
			defaultConfigurationIsVisible = 0;
			defaultConfigurationName = Release;
		};
		E15A29552743F4910051C863 /* Build configuration list for PBXNativeTarget "Tavling" */ = {
			isa = XCConfigurationList;
			buildConfigurations = (
				E15A29562743F4910051C863 /* Debug */,
				E15A29572743F4910051C863 /* Release */,
			);
			defaultConfigurationIsVisible = 0;
			defaultConfigurationName = Release;
		};
		E15A29582743F4910051C863 /* Build configuration list for PBXNativeTarget "TavlingTests" */ = {
			isa = XCConfigurationList;
			buildConfigurations = (
				E15A29592743F4910051C863 /* Debug */,
				E15A295A2743F4910051C863 /* Release */,
			);
			defaultConfigurationIsVisible = 0;
			defaultConfigurationName = Release;
		};
		E15A295B2743F4910051C863 /* Build configuration list for PBXNativeTarget "TavlingUITests" */ = {
			isa = XCConfigurationList;
			buildConfigurations = (
				E15A295C2743F4910051C863 /* Debug */,
				E15A295D2743F4910051C863 /* Release */,
			);
			defaultConfigurationIsVisible = 0;
			defaultConfigurationName = Release;
		};
/* End XCConfigurationList section */
	};
	rootObject = E15A29232743F4900051C863 /* Project object */;
}
